
Microsoft Visual Studio Solution File, Format Version 12.00
# Visual Studio Version 17
VisualStudioVersion = 17.10.35013.160
MinimumVisualStudioVersion = 10.0.40219.1
Project("{FAE04EC0-301F-11D3-BF4B-00C04F79EFBC}") = "RedMango_API", "RedMango_API.csproj", "{7CF31013-A74F-4B4A-9442-C3CA7C723C5A}"
EndProject
Global
	GlobalSection(SolutionConfigurationPlatforms) = preSolution
		Debug|Any CPU = Debug|Any CPU
		Release|Any CPU = Release|Any CPU
	EndGlobalSection
	GlobalSection(ProjectConfigurationPlatforms) = postSolution
		{7CF31013-A74F-4B4A-9442-C3CA7C723C5A}.Debug|Any CPU.ActiveCfg = Debug|Any CPU
		{7CF31013-A74F-4B4A-9442-C3CA7C723C5A}.Debug|Any CPU.Build.0 = Debug|Any CPU
		{7CF31013-A74F-4B4A-9442-C3CA7C723C5A}.Release|Any CPU.ActiveCfg = Release|Any CPU
		{7CF31013-A74F-4B4A-9442-C3CA7C723C5A}.Release|Any CPU.Build.0 = Release|Any CPU
	EndGlobalSection
	GlobalSection(SolutionProperties) = preSolution
		HideSolutionNode = FALSE
	EndGlobalSection
	GlobalSection(ExtensibilityGlobals) = postSolution
		SolutionGuid = {7634BA47-B167-4704-8789-8503386F6D53}
	EndGlobalSection
EndGlobal
